<?xml version="1.0" encoding="utf-8"?>
<Project ToolsVersion="4.0" xmlns="http://schemas.microsoft.com/developer/msbuild/2003">
  <ItemGroup>
    <ClCompile Include="src/win/dllmain.cpp" />
    <ClCompile Include="src/win/libxser.cpp" />
    <ClCompile Include="src/win/stdafx.cpp" />
    <ClCompile Include="src\abstract_xser_instance_oper.cpp" />
  </ItemGroup>
  <ItemGroup>
    <ClInclude Include="src/win/stdafx.h" />
    <ClInclude Include="src/win/targetver.h" />
    <ClInclude Include="src\win\win_xser.h" />
    <ClInclude Include="src\abstract_xser_instance_oper.h" />
    <ClInclude Include="src\hid_ifx.h" />
  </ItemGroup>
</Project>